
Microsoft Visual Studio Solution File, Format Version 12.00
# Visual Studio 2013
VisualStudioVersion = 12.0.30324.0
MinimumVisualStudioVersion = 10.0.40219.1
Project("{FAE04EC0-301F-11D3-BF4B-00C04F79EFBC}") = "JustGiving.EventStore.Http.Client", "JustGiving.EventStore.Http.Client\JustGiving.EventStore.Http.Client.csproj", "{E88ED7CE-68BE-4846-8140-81D815B32FDF}"
EndProject
Project("{FAE04EC0-301F-11D3-BF4B-00C04F79EFBC}") = "JustGiving.EventStore.Http.SubscriberHost", "JustGiving.EventStore.Http.SubscriberHost\JustGiving.EventStore.Http.SubscriberHost.csproj", "{60404AAC-06B4-4DA4-8237-4A17FBF9D83F}"
EndProject
Project("{FAE04EC0-301F-11D3-BF4B-00C04F79EFBC}") = "JustGiving.EventStore.Http.Client.Tests", "JustGiving.EventStore.Http.Client.Tests\JustGiving.EventStore.Http.Client.Tests.csproj", "{3C81C7C3-7913-480E-AC0E-D67B9FD93B30}"
EndProject
Project("{FAE04EC0-301F-11D3-BF4B-00C04F79EFBC}") = "JustGiving.EventStore.Http.SubscriberHost.Tests", "JustGiving.EventStore.Http.SubscriberHost.Tests\JustGiving.EventStore.Http.SubscriberHost.Tests.csproj", "{0BD28302-3E7C-446D-AE07-43738DE07645}"
EndProject
Project("{FAE04EC0-301F-11D3-BF4B-00C04F79EFBC}") = "JustGiving.EventStore.Http.Client.TestHarness", "JustGiving.EventStore.Http.Client.TestHarness\JustGiving.EventStore.Http.Client.TestHarness.csproj", "{61FB8675-4A01-4247-AD8B-34EAF44AAC16}"
EndProject
Project("{FAE04EC0-301F-11D3-BF4B-00C04F79EFBC}") = "JustGiving.EventStore.Http.SubscriberHost.Ninject", "JustGiving.EventStore.Http.SubscriberHost.Ninject\JustGiving.EventStore.Http.SubscriberHost.Ninject.csproj", "{0066C550-5C6F-41A5-852B-C7F42E00870B}"
EndProject
Project("{2150E333-8FDC-42A3-9474-1A3956D46DE8}") = "SubscriberHandlerResolvers", "SubscriberHandlerResolvers", "{2A3E071F-F877-4E12-85B0-999CCEFF0A32}"
EndProject
Project("{2150E333-8FDC-42A3-9474-1A3956D46DE8}") = "Solution Items", "Solution Items", "{68A1CBF0-ADBC-43AF-841A-312F34071DC0}"
	ProjectSection(SolutionItems) = preProject
		..\README.md = ..\README.md
	EndProjectSection
EndProject
Project("{2150E333-8FDC-42A3-9474-1A3956D46DE8}") = "Build", "Build", "{22B8A670-65EE-4AB4-8D2F-4D5326BA41D3}"
	ProjectSection(SolutionItems) = preProject
		build.cmd = build.cmd
		build.ps1 = build.ps1
		jg-build-psake.ps1 = jg-build-psake.ps1
		JustGiving.EventStore.Http.Client.nuspec = JustGiving.EventStore.Http.Client.nuspec
		JustGiving.EventStore.Http.SubscriberHost.nuspec = JustGiving.EventStore.Http.SubscriberHost.nuspec
		psake.psm1 = psake.psm1
	EndProjectSection
EndProject
Project("{2150E333-8FDC-42A3-9474-1A3956D46DE8}") = ".nuget", ".nuget", "{4D17782C-9F48-44D3-8880-44F9266FFCD5}"
	ProjectSection(SolutionItems) = preProject
		.nuget\packages.config = .nuget\packages.config
	EndProjectSection
EndProject
Global
	GlobalSection(SolutionConfigurationPlatforms) = preSolution
		Debug|Any CPU = Debug|Any CPU
		Release|Any CPU = Release|Any CPU
	EndGlobalSection
	GlobalSection(ProjectConfigurationPlatforms) = postSolution
		{E88ED7CE-68BE-4846-8140-81D815B32FDF}.Debug|Any CPU.ActiveCfg = Debug|Any CPU
		{E88ED7CE-68BE-4846-8140-81D815B32FDF}.Debug|Any CPU.Build.0 = Debug|Any CPU
		{E88ED7CE-68BE-4846-8140-81D815B32FDF}.Release|Any CPU.ActiveCfg = Release|Any CPU
		{E88ED7CE-68BE-4846-8140-81D815B32FDF}.Release|Any CPU.Build.0 = Release|Any CPU
		{60404AAC-06B4-4DA4-8237-4A17FBF9D83F}.Debug|Any CPU.ActiveCfg = Debug|Any CPU
		{60404AAC-06B4-4DA4-8237-4A17FBF9D83F}.Debug|Any CPU.Build.0 = Debug|Any CPU
		{60404AAC-06B4-4DA4-8237-4A17FBF9D83F}.Release|Any CPU.ActiveCfg = Release|Any CPU
		{60404AAC-06B4-4DA4-8237-4A17FBF9D83F}.Release|Any CPU.Build.0 = Release|Any CPU
		{3C81C7C3-7913-480E-AC0E-D67B9FD93B30}.Debug|Any CPU.ActiveCfg = Debug|Any CPU
		{3C81C7C3-7913-480E-AC0E-D67B9FD93B30}.Debug|Any CPU.Build.0 = Debug|Any CPU
		{3C81C7C3-7913-480E-AC0E-D67B9FD93B30}.Release|Any CPU.ActiveCfg = Release|Any CPU
		{3C81C7C3-7913-480E-AC0E-D67B9FD93B30}.Release|Any CPU.Build.0 = Release|Any CPU
		{0BD28302-3E7C-446D-AE07-43738DE07645}.Debug|Any CPU.ActiveCfg = Debug|Any CPU
		{0BD28302-3E7C-446D-AE07-43738DE07645}.Debug|Any CPU.Build.0 = Debug|Any CPU
		{0BD28302-3E7C-446D-AE07-43738DE07645}.Release|Any CPU.ActiveCfg = Release|Any CPU
		{0BD28302-3E7C-446D-AE07-43738DE07645}.Release|Any CPU.Build.0 = Release|Any CPU
		{61FB8675-4A01-4247-AD8B-34EAF44AAC16}.Debug|Any CPU.ActiveCfg = Debug|Any CPU
		{61FB8675-4A01-4247-AD8B-34EAF44AAC16}.Debug|Any CPU.Build.0 = Debug|Any CPU
		{61FB8675-4A01-4247-AD8B-34EAF44AAC16}.Release|Any CPU.ActiveCfg = Release|Any CPU
		{61FB8675-4A01-4247-AD8B-34EAF44AAC16}.Release|Any CPU.Build.0 = Release|Any CPU
		{0066C550-5C6F-41A5-852B-C7F42E00870B}.Debug|Any CPU.ActiveCfg = Debug|Any CPU
		{0066C550-5C6F-41A5-852B-C7F42E00870B}.Debug|Any CPU.Build.0 = Debug|Any CPU
		{0066C550-5C6F-41A5-852B-C7F42E00870B}.Release|Any CPU.ActiveCfg = Release|Any CPU
		{0066C550-5C6F-41A5-852B-C7F42E00870B}.Release|Any CPU.Build.0 = Release|Any CPU
	EndGlobalSection
	GlobalSection(SolutionProperties) = preSolution
		HideSolutionNode = FALSE
	EndGlobalSection
	GlobalSection(NestedProjects) = preSolution
		{0066C550-5C6F-41A5-852B-C7F42E00870B} = {2A3E071F-F877-4E12-85B0-999CCEFF0A32}
		{22B8A670-65EE-4AB4-8D2F-4D5326BA41D3} = {68A1CBF0-ADBC-43AF-841A-312F34071DC0}
	EndGlobalSection
EndGlobal
